
Microsoft Visual Studio Solution File, Format Version 12.00
# Visual Studio 15
VisualStudioVersion = 15.0.28307.329
MinimumVisualStudioVersion = 10.0.40219.1
Project("{FAE04EC0-301F-11D3-BF4B-00C04F79EFBC}") = "Ymagi", "Ymagi\Ymagi.csproj", "{46D5E025-266D-44AB-A2DD-C53DA0B98D39}"
EndProject
Global
	GlobalSection(SolutionConfigurationPlatforms) = preSolution
		Debug|Any CPU = Debug|Any CPU
		Release|Any CPU = Release|Any CPU
	EndGlobalSection
	GlobalSection(ProjectConfigurationPlatforms) = postSolution
		{46D5E025-266D-44AB-A2DD-C53DA0B98D39}.Debug|Any CPU.ActiveCfg = Debug|Any CPU
		{46D5E025-266D-44AB-A2DD-C53DA0B98D39}.Debug|Any CPU.Build.0 = Debug|Any CPU
		{46D5E025-266D-44AB-A2DD-C53DA0B98D39}.Release|Any CPU.ActiveCfg = Release|Any CPU
		{46D5E025-266D-44AB-A2DD-C53DA0B98D39}.Release|Any CPU.Build.0 = Release|Any CPU
	EndGlobalSection
	GlobalSection(SolutionProperties) = preSolution
		HideSolutionNode = FALSE
	EndGlobalSection
	GlobalSection(ExtensibilityGlobals) = postSolution
		SolutionGuid = {3B2292EA-A8B3-419A-B4CD-5CAE43CFF571}
	EndGlobalSection
EndGlobal
